
Microsoft Visual Studio Solution File, Format Version 12.00
# Visual Studio Version 16
VisualStudioVersion = 16.0.31402.337
MinimumVisualStudioVersion = 10.0.40219.1
Project("{9A19103F-16F7-4668-BE54-9A1E7A4F7556}") = "TicTacToeProgram", "TicTacToe\TicTacToeProgram.csproj", "{27B5805E-FDE2-4F60-BEAA-E193F966FA9E}"
EndProject
Project("{9A19103F-16F7-4668-BE54-9A1E7A4F7556}") = "TicTacToeClasses", "TicTacToeClasses\TicTacToeClasses.csproj", "{67021F84-2369-4618-AA1E-5087E9D985A3}"
EndProject
Project("{FAE04EC0-301F-11D3-BF4B-00C04F79EFBC}") = "WebApp.Server", "WebApp\Server\WebApp.Server.csproj", "{C069F069-4475-48AD-AE0E-6AE3EAD65885}"
EndProject
Project("{FAE04EC0-301F-11D3-BF4B-00C04F79EFBC}") = "WebApp.Client", "WebApp\Client\WebApp.Client.csproj", "{B35225FA-0E56-4EC3-91AD-C51864F0337B}"
EndProject
Project("{FAE04EC0-301F-11D3-BF4B-00C04F79EFBC}") = "WebApp.Shared", "WebApp\Shared\WebApp.Shared.csproj", "{0FE47A18-7D00-459F-BE9C-1A39F567D23E}"
EndProject
Global
	GlobalSection(SolutionConfigurationPlatforms) = preSolution
		Debug|Any CPU = Debug|Any CPU
		Release|Any CPU = Release|Any CPU
	EndGlobalSection
	GlobalSection(ProjectConfigurationPlatforms) = postSolution
		{27B5805E-FDE2-4F60-BEAA-E193F966FA9E}.Debug|Any CPU.ActiveCfg = Debug|Any CPU
		{27B5805E-FDE2-4F60-BEAA-E193F966FA9E}.Debug|Any CPU.Build.0 = Debug|Any CPU
		{27B5805E-FDE2-4F60-BEAA-E193F966FA9E}.Release|Any CPU.ActiveCfg = Release|Any CPU
		{27B5805E-FDE2-4F60-BEAA-E193F966FA9E}.Release|Any CPU.Build.0 = Release|Any CPU
		{67021F84-2369-4618-AA1E-5087E9D985A3}.Debug|Any CPU.ActiveCfg = Debug|Any CPU
		{67021F84-2369-4618-AA1E-5087E9D985A3}.Debug|Any CPU.Build.0 = Debug|Any CPU
		{67021F84-2369-4618-AA1E-5087E9D985A3}.Release|Any CPU.ActiveCfg = Release|Any CPU
		{67021F84-2369-4618-AA1E-5087E9D985A3}.Release|Any CPU.Build.0 = Release|Any CPU
		{C069F069-4475-48AD-AE0E-6AE3EAD65885}.Debug|Any CPU.ActiveCfg = Debug|Any CPU
		{C069F069-4475-48AD-AE0E-6AE3EAD65885}.Debug|Any CPU.Build.0 = Debug|Any CPU
		{C069F069-4475-48AD-AE0E-6AE3EAD65885}.Release|Any CPU.ActiveCfg = Release|Any CPU
		{C069F069-4475-48AD-AE0E-6AE3EAD65885}.Release|Any CPU.Build.0 = Release|Any CPU
		{B35225FA-0E56-4EC3-91AD-C51864F0337B}.Debug|Any CPU.ActiveCfg = Debug|Any CPU
		{B35225FA-0E56-4EC3-91AD-C51864F0337B}.Debug|Any CPU.Build.0 = Debug|Any CPU
		{B35225FA-0E56-4EC3-91AD-C51864F0337B}.Release|Any CPU.ActiveCfg = Release|Any CPU
		{B35225FA-0E56-4EC3-91AD-C51864F0337B}.Release|Any CPU.Build.0 = Release|Any CPU
		{0FE47A18-7D00-459F-BE9C-1A39F567D23E}.Debug|Any CPU.ActiveCfg = Debug|Any CPU
		{0FE47A18-7D00-459F-BE9C-1A39F567D23E}.Debug|Any CPU.Build.0 = Debug|Any CPU
		{0FE47A18-7D00-459F-BE9C-1A39F567D23E}.Release|Any CPU.ActiveCfg = Release|Any CPU
		{0FE47A18-7D00-459F-BE9C-1A39F567D23E}.Release|Any CPU.Build.0 = Release|Any CPU
	EndGlobalSection
	GlobalSection(SolutionProperties) = preSolution
		HideSolutionNode = FALSE
	EndGlobalSection
	GlobalSection(ExtensibilityGlobals) = postSolution
		SolutionGuid = {CD744F7B-07E1-4F7B-AEA3-B61A8A12FB6E}
	EndGlobalSection
EndGlobal
